
Microsoft Visual Studio Solution File, Format Version 12.00
# Visual Studio Version 16
VisualStudioVersion = 16.0.29020.237
MinimumVisualStudioVersion = 10.0.40219.1
Project("{FAE04EC0-301F-11D3-BF4B-00C04F79EFBC}") = "TrainerPalBuddyFriend3", "TrainerPalBuddyFriend3\TrainerPalBuddyFriend3.csproj", "{2B874091-CFC4-45A8-870F-39D23F3695D5}"
EndProject
Global
	GlobalSection(SolutionConfigurationPlatforms) = preSolution
		Debug|Any CPU = Debug|Any CPU
		Release|Any CPU = Release|Any CPU
	EndGlobalSection
	GlobalSection(ProjectConfigurationPlatforms) = postSolution
		{2B874091-CFC4-45A8-870F-39D23F3695D5}.Debug|Any CPU.ActiveCfg = Debug|Any CPU
		{2B874091-CFC4-45A8-870F-39D23F3695D5}.Debug|Any CPU.Build.0 = Debug|Any CPU
		{2B874091-CFC4-45A8-870F-39D23F3695D5}.Release|Any CPU.ActiveCfg = Release|Any CPU
		{2B874091-CFC4-45A8-870F-39D23F3695D5}.Release|Any CPU.Build.0 = Release|Any CPU
	EndGlobalSection
	GlobalSection(SolutionProperties) = preSolution
		HideSolutionNode = FALSE
	EndGlobalSection
	GlobalSection(ExtensibilityGlobals) = postSolution
		SolutionGuid = {7150FC18-E097-45E6-A7E6-E2E98EEC8319}
	EndGlobalSection
EndGlobal
